// !$*UTF8*$!
{
	archiveVersion = 1;
	classes = {
	};
	objectVersion = 77;
	objects = {

/* Begin PBXBuildFile section */
		B908F5392FCE2F32001E4980 /* GoogleSignIn in Frameworks */ = {isa = PBXBuildFile; productRef = B908F5382FCE2F32001E4980 /* GoogleSignIn */; };
		B908F53B2FCE2F32001E4980 /* GoogleSignInSwift in Frameworks */ = {isa = PBXBuildFile; productRef = B908F53A2FCE2F32001E4980 /* GoogleSignInSwift */; };
		B908F5412FCE30D9001E4980 /* FirebaseAI in Frameworks */ = {isa = PBXBuildFile; productRef = B908F5402FCE30D9001E4980 /* FirebaseAI */; };
		B908F5432FCE30D9001E4980 /* FirebaseAILogic in Frameworks */ = {isa = PBXBuildFile; productRef = B908F5422FCE30D9001E4980 /* FirebaseAILogic */; };
		B908F5452FCE30D9001E4980 /* FirebaseAnalyticsCore in Frameworks */ = {isa = PBXBuildFile; productRef = B908F5442FCE30D9001E4980 /* FirebaseAnalyticsCore */; };
		B908F5472FCE30D9001E4980 /* FirebaseAnalyticsIdentitySupport in Frameworks */ = {isa = PBXBuildFile; productRef = B908F5462FCE30D9001E4980 /* FirebaseAnalyticsIdentitySupport */; };
		B908F5522FCE31D4001E4980 /* FirebaseAI in Frameworks */ = {isa = PBXBuildFile; productRef = B908F5512FCE31D4001E4980 /* FirebaseAI */; };
		B908F5542FCE31D4001E4980 /* FirebaseAILogic in Frameworks */ = {isa = PBXBuildFile; productRef = B908F5532FCE31D4001E4980 /* FirebaseAILogic */; };
		B908F5562FCE31D4001E4980 /* FirebaseAnalytics in Frameworks */ = {isa = PBXBuildFile; productRef = B908F5552FCE31D4001E4980 /* FirebaseAnalytics */; };
		B908F5582FCE31D4001E4980 /* FirebaseAnalyticsCore in Frameworks */ = {isa = PBXBuildFile; productRef = B908F5572FCE31D4001E4980 /* FirebaseAnalyticsCore */; };
		B908F55A2FCE31D4001E4980 /* FirebaseAnalyticsIdentitySupport in Frameworks */ = {isa = PBXBuildFile; productRef = B908F5592FCE31D4001E4980 /* FirebaseAnalyticsIdentitySupport */; };
		B9C22EDE2FCDFAB400FB269B /* tumi_share.appex in Embed Foundation Extensions */ = {isa = PBXBuildFile; fileRef = B9C22ED42FCDFAB400FB269B /* tumi_share.appex */; settings = {ATTRIBUTES = (RemoveHeadersOnCopy, ); }; };
/* End PBXBuildFile section */

/* Begin PBXContainerItemProxy section */
		B9C22EDC2FCDFAB400FB269B /* PBXContainerItemProxy */ = {
			isa = PBXContainerItemProxy;
			containerPortal = B972AA502F5CDE650031DAD5 /* Project object */;
			proxyType = 1;
			remoteGlobalIDString = B9C22ED32FCDFAB400FB269B;
			remoteInfo = tumi_share;
		};
/* End PBXContainerItemProxy section */

/* Begin PBXCopyFilesBuildPhase section */
		B9C22ECB2FCDE46E00FB269B /* Embed Foundation Extensions */ = {
			isa = PBXCopyFilesBuildPhase;
			buildActionMask = 2147483647;
			dstPath = "";
			dstSubfolderSpec = 13;
			files = (
				B9C22EDE2FCDFAB400FB269B /* tumi_share.appex in Embed Foundation Extensions */,
			);
			name = "Embed Foundation Extensions";
			runOnlyForDeploymentPostprocessing = 0;
		};
/* End PBXCopyFilesBuildPhase section */

/* Begin PBXFileReference section */
		B972AA582F5CDE650031DAD5 /* tumi.app */ = {isa = PBXFileReference; explicitFileType = wrapper.application; includeInIndex = 0; path = tumi.app; sourceTree = BUILT_PRODUCTS_DIR; };
		B9C22ED42FCDFAB400FB269B /* tumi_share.appex */ = {isa = PBXFileReference; explicitFileType = "wrapper.app-extension"; includeInIndex = 0; path = tumi_share.appex; sourceTree = BUILT_PRODUCTS_DIR; };
/* End PBXFileReference section */

/* Begin PBXFileSystemSynchronizedBuildFileExceptionSet section */
		B9ADA1412FC1D76D00CA4B8A /* Exceptions for "tumi" folder in "tumi" target */ = {
			isa = PBXFileSystemSynchronizedBuildFileExceptionSet;
			membershipExceptions = (
				Info.plist,
			);
			target = B972AA572F5CDE650031DAD5 /* tumi */;
		};
		B9C22EE22FCDFAB400FB269B /* Exceptions for "tumi_share" folder in "tumi_share" target */ = {
			isa = PBXFileSystemSynchronizedBuildFileExceptionSet;
			membershipExceptions = (
				Info.plist,
			);
			target = B9C22ED32FCDFAB400FB269B /* tumi_share */;
		};
/* End PBXFileSystemSynchronizedBuildFileExceptionSet section */

/* Begin PBXFileSystemSynchronizedRootGroup section */
		B972AA5A2F5CDE650031DAD5 /* tumi */ = {
			isa = PBXFileSystemSynchronizedRootGroup;
			exceptions = (
				B9ADA1412FC1D76D00CA4B8A /* Exceptions for "tumi" folder in "tumi" target */,
			);
			path = tumi;
			sourceTree = "<group>";
		};
		B9C22ED52FCDFAB400FB269B /* tumi_share */ = {
			isa = PBXFileSystemSynchronizedRootGroup;
			exceptions = (
				B9C22EE22FCDFAB400FB269B /* Exceptions for "tumi_share" folder in "tumi_share" target */,
			);
			path = tumi_share;
			sourceTree = "<group>";
		};
/* End PBXFileSystemSynchronizedRootGroup section */

/* Begin PBXFrameworksBuildPhase section */
		B972AA552F5CDE650031DAD5 /* Frameworks */ = {
			isa = PBXFrameworksBuildPhase;
			buildActionMask = 2147483647;
			files = (
				B908F5542FCE31D4001E4980 /* FirebaseAILogic in Frameworks */,
				B908F5522FCE31D4001E4980 /* FirebaseAI in Frameworks */,
				B908F53B2FCE2F32001E4980 /* GoogleSignInSwift in Frameworks */,
				B908F5452FCE30D9001E4980 /* FirebaseAnalyticsCore in Frameworks */,
				B908F5412FCE30D9001E4980 /* FirebaseAI in Frameworks */,
				B908F5472FCE30D9001E4980 /* FirebaseAnalyticsIdentitySupport in Frameworks */,
				B908F5392FCE2F32001E4980 /* GoogleSignIn in Frameworks */,
				B908F5582FCE31D4001E4980 /* FirebaseAnalyticsCore in Frameworks */,
				B908F55A2FCE31D4001E4980 /* FirebaseAnalyticsIdentitySupport in Frameworks */,
				B908F5432FCE30D9001E4980 /* FirebaseAILogic in Frameworks */,
				B908F5562FCE31D4001E4980 /* FirebaseAnalytics in Frameworks */,
			);
			runOnlyForDeploymentPostprocessing = 0;
		};
		B9C22ED12FCDFAB400FB269B /* Frameworks */ = {
			isa = PBXFrameworksBuildPhase;
			buildActionMask = 2147483647;
			files = (
			);
			runOnlyForDeploymentPostprocessing = 0;
		};
/* End PBXFrameworksBuildPhase section */

/* Begin PBXGroup section */
		B972AA4F2F5CDE650031DAD5 = {
			isa = PBXGroup;
			children = (
				B972AA5A2F5CDE650031DAD5 /* tumi */,
				B9C22ED52FCDFAB400FB269B /* tumi_share */,
				B972AA592F5CDE650031DAD5 /* Products */,
			);
			sourceTree = "<group>";
		};
		B972AA592F5CDE650031DAD5 /* Products */ = {
			isa = PBXGroup;
			children = (
				B972AA582F5CDE650031DAD5 /* tumi.app */,
				B9C22ED42FCDFAB400FB269B /* tumi_share.appex */,
			);
			name = Products;
			sourceTree = "<group>";
		};
/* End PBXGroup section */

/* Begin PBXNativeTarget section */
		B972AA572F5CDE650031DAD5 /* tumi */ = {
			isa = PBXNativeTarget;
			buildConfigurationList = B972AA632F5CDE690031DAD5 /* Build configuration list for PBXNativeTarget "tumi" */;
			buildPhases = (
				B972AA542F5CDE650031DAD5 /* Sources */,
				B972AA552F5CDE650031DAD5 /* Frameworks */,
				B972AA562F5CDE650031DAD5 /* Resources */,
				B9C22ECB2FCDE46E00FB269B /* Embed Foundation Extensions */,
			);
			buildRules = (
			);
			dependencies = (
				B9C22EDD2FCDFAB400FB269B /* PBXTargetDependency */,
			);
			fileSystemSynchronizedGroups = (
				B972AA5A2F5CDE650031DAD5 /* tumi */,
			);
			name = tumi;
			packageProductDependencies = (
				B908F5382FCE2F32001E4980 /* GoogleSignIn */,
				B908F53A2FCE2F32001E4980 /* GoogleSignInSwift */,
				B908F5402FCE30D9001E4980 /* FirebaseAI */,
				B908F5422FCE30D9001E4980 /* FirebaseAILogic */,
				B908F5442FCE30D9001E4980 /* FirebaseAnalyticsCore */,
				B908F5462FCE30D9001E4980 /* FirebaseAnalyticsIdentitySupport */,
				B908F5512FCE31D4001E4980 /* FirebaseAI */,
				B908F5532FCE31D4001E4980 /* FirebaseAILogic */,
				B908F5552FCE31D4001E4980 /* FirebaseAnalytics */,
				B908F5572FCE31D4001E4980 /* FirebaseAnalyticsCore */,
				B908F5592FCE31D4001E4980 /* FirebaseAnalyticsIdentitySupport */,
			);
			productName = tumi;
			productReference = B972AA582F5CDE650031DAD5 /* tumi.app */;
			productType = "com.apple.product-type.application";
		};
		B9C22ED32FCDFAB400FB269B /* tumi_share */ = {
			isa = PBXNativeTarget;
			buildConfigurationList = B9C22EDF2FCDFAB400FB269B /* Build configuration list for PBXNativeTarget "tumi_share" */;
			buildPhases = (
				B9C22ED02FCDFAB400FB269B /* Sources */,
				B9C22ED12FCDFAB400FB269B /* Frameworks */,
				B9C22ED22FCDFAB400FB269B /* Resources */,
			);
			buildRules = (
			);
			dependencies = (
			);
			fileSystemSynchronizedGroups = (
				B9C22ED52FCDFAB400FB269B /* tumi_share */,
			);
			name = tumi_share;
			packageProductDependencies = (
			);
			productName = tumi_share;
			productReference = B9C22ED42FCDFAB400FB269B /* tumi_share.appex */;
			productType = "com.apple.product-type.app-extension";
		};
/* End PBXNativeTarget section */

/* Begin PBXProject section */
		B972AA502F5CDE650031DAD5 /* Project object */ = {
			isa = PBXProject;
			attributes = {
				BuildIndependentTargetsInParallel = 1;
				LastSwiftUpdateCheck = 2610;
				LastUpgradeCheck = 2610;
				TargetAttributes = {
					B972AA572F5CDE650031DAD5 = {
						CreatedOnToolsVersion = 26.1.1;
					};
					B9C22ED32FCDFAB400FB269B = {
						CreatedOnToolsVersion = 26.1.1;
					};
				};
			};
			buildConfigurationList = B972AA532F5CDE650031DAD5 /* Build configuration list for PBXProject "tumi" */;
			developmentRegion = en;
			hasScannedForEncodings = 0;
			knownRegions = (
				en,
				Base,
			);
			mainGroup = B972AA4F2F5CDE650031DAD5;
			minimizedProjectReferenceProxies = 1;
			packageReferences = (
				B908F5372FCE2F32001E4980 /* XCRemoteSwiftPackageReference "GoogleSignIn-iOS" */,
				B908F5502FCE31D4001E4980 /* XCRemoteSwiftPackageReference "firebase-ios-sdk" */,
			);
			preferredProjectObjectVersion = 77;
			productRefGroup = B972AA592F5CDE650031DAD5 /* Products */;
			projectDirPath = "";
			projectRoot = "";
			targets = (
				B972AA572F5CDE650031DAD5 /* tumi */,
				B9C22ED32FCDFAB400FB269B /* tumi_share */,
			);
		};
/* End PBXProject section */

/* Begin PBXResourcesBuildPhase section */
		B972AA562F5CDE650031DAD5 /* Resources */ = {
			isa = PBXResourcesBuildPhase;
			buildActionMask = 2147483647;
			files = (
			);
			runOnlyForDeploymentPostprocessing = 0;
		};
		B9C22ED22FCDFAB400FB269B /* Resources */ = {
			isa = PBXResourcesBuildPhase;
			buildActionMask = 2147483647;
			files = (
			);
			runOnlyForDeploymentPostprocessing = 0;
		};
/* End PBXResourcesBuildPhase section */

/* Begin PBXSourcesBuildPhase section */
		B972AA542F5CDE650031DAD5 /* Sources */ = {
			isa = PBXSourcesBuildPhase;
			buildActionMask = 2147483647;
			files = (
			);
			runOnlyForDeploymentPostprocessing = 0;
		};
		B9C22ED02FCDFAB400FB269B /* Sources */ = {
			isa = PBXSourcesBuildPhase;
			buildActionMask = 2147483647;
			files = (
			);
			runOnlyForDeploymentPostprocessing = 0;
		};
/* End PBXSourcesBuildPhase section */

/* Begin PBXTargetDependency section */
		B9C22EDD2FCDFAB400FB269B /* PBXTargetDependency */ = {
			isa = PBXTargetDependency;
			target = B9C22ED32FCDFAB400FB269B /* tumi_share */;
			targetProxy = B9C22EDC2FCDFAB400FB269B /* PBXContainerItemProxy */;
		};
/* End PBXTargetDependency section */

/* Begin XCBuildConfiguration section */
		B972AA612F5CDE690031DAD5 /* Debug */ = {
			isa = XCBuildConfiguration;
			buildSettings = {
				ALWAYS_SEARCH_USER_PATHS = NO;
				ASSETCATALOG_COMPILER_GENERATE_SWIFT_ASSET_SYMBOL_EXTENSIONS = YES;
				CLANG_ANALYZER_NONNULL = YES;
				CLANG_ANALYZER_NUMBER_OBJECT_CONVERSION = YES_AGGRESSIVE;
				CLANG_CXX_LANGUAGE_STANDARD = "gnu++20";
				CLANG_ENABLE_MODULES = YES;
				CLANG_ENABLE_OBJC_ARC = YES;
				CLANG_ENABLE_OBJC_WEAK = YES;
				CLANG_WARN_BLOCK_CAPTURE_AUTORELEASING = YES;
				CLANG_WARN_BOOL_CONVERSION = YES;
				CLANG_WARN_COMMA = YES;
				CLANG_WARN_CONSTANT_CONVERSION = YES;
				CLANG_WARN_DEPRECATED_OBJC_IMPLEMENTATIONS = YES;
				CLANG_WARN_DIRECT_OBJC_ISA_USAGE = YES_ERROR;
				CLANG_WARN_DOCUMENTATION_COMMENTS = YES;
				CLANG_WARN_EMPTY_BODY = YES;
				CLANG_WARN_ENUM_CONVERSION = YES;
				CLANG_WARN_INFINITE_RECURSION = YES;
				CLANG_WARN_INT_CONVERSION = YES;
				CLANG_WARN_NON_LITERAL_NULL_CONVERSION = YES;
				CLANG_WARN_OBJC_IMPLICIT_RETAIN_SELF = YES;
				CLANG_WARN_OBJC_LITERAL_CONVERSION = YES;
				CLANG_WARN_OBJC_ROOT_CLASS = YES_ERROR;
				CLANG_WARN_QUOTED_INCLUDE_IN_FRAMEWORK_HEADER = YES;
				CLANG_WARN_RANGE_LOOP_ANALYSIS = YES;
				CLANG_WARN_STRICT_PROTOTYPES = YES;
				CLANG_WARN_SUSPICIOUS_MOVE = YES;
				CLANG_WARN_UNGUARDED_AVAILABILITY = YES_AGGRESSIVE;
				CLANG_WARN_UNREACHABLE_CODE = YES;
				CLANG_WARN__DUPLICATE_METHOD_MATCH = YES;
				COPY_PHASE_STRIP = NO;
				DEBUG_INFORMATION_FORMAT = dwarf;
				DEVELOPMENT_TEAM = Y58F4SVQTC;
				ENABLE_STRICT_OBJC_MSGSEND = YES;
				ENABLE_TESTABILITY = YES;
				ENABLE_USER_SCRIPT_SANDBOXING = YES;
				GCC_C_LANGUAGE_STANDARD = gnu17;
				GCC_DYNAMIC_NO_PIC = NO;
				GCC_NO_COMMON_BLOCKS = YES;
				GCC_OPTIMIZATION_LEVEL = 0;
				GCC_PREPROCESSOR_DEFINITIONS = (
					"DEBUG=1",
					"$(inherited)",
				);
				GCC_WARN_64_TO_32_BIT_CONVERSION = YES;
				GCC_WARN_ABOUT_RETURN_TYPE = YES_ERROR;
				GCC_WARN_UNDECLARED_SELECTOR = YES;
				GCC_WARN_UNINITIALIZED_AUTOS = YES_AGGRESSIVE;
				GCC_WARN_UNUSED_FUNCTION = YES;
				GCC_WARN_UNUSED_VARIABLE = YES;
				LOCALIZATION_PREFERS_STRING_CATALOGS = YES;
				MTL_ENABLE_DEBUG_INFO = INCLUDE_SOURCE;
				MTL_FAST_MATH = YES;
				ONLY_ACTIVE_ARCH = YES;
				SWIFT_ACTIVE_COMPILATION_CONDITIONS = "DEBUG $(inherited)";
				SWIFT_OPTIMIZATION_LEVEL = "-Onone";
			};
			name = Debug;
		};
		B972AA622F5CDE690031DAD5 /* Release */ = {
			isa = XCBuildConfiguration;
			buildSettings = {
				ALWAYS_SEARCH_USER_PATHS = NO;
				ASSETCATALOG_COMPILER_GENERATE_SWIFT_ASSET_SYMBOL_EXTENSIONS = YES;
				CLANG_ANALYZER_NONNULL = YES;
				CLANG_ANALYZER_NUMBER_OBJECT_CONVERSION = YES_AGGRESSIVE;
				CLANG_CXX_LANGUAGE_STANDARD = "gnu++20";
				CLANG_ENABLE_MODULES = YES;
				CLANG_ENABLE_OBJC_ARC = YES;
				CLANG_ENABLE_OBJC_WEAK = YES;
				CLANG_WARN_BLOCK_CAPTURE_AUTORELEASING = YES;
				CLANG_WARN_BOOL_CONVERSION = YES;
				CLANG_WARN_COMMA = YES;
				CLANG_WARN_CONSTANT_CONVERSION = YES;
				CLANG_WARN_DEPRECATED_OBJC_IMPLEMENTATIONS = YES;
				CLANG_WARN_DIRECT_OBJC_ISA_USAGE = YES_ERROR;
				CLANG_WARN_DOCUMENTATION_COMMENTS = YES;
				CLANG_WARN_EMPTY_BODY = YES;
				CLANG_WARN_ENUM_CONVERSION = YES;
				CLANG_WARN_INFINITE_RECURSION = YES;
				CLANG_WARN_INT_CONVERSION = YES;
				CLANG_WARN_NON_LITERAL_NULL_CONVERSION = YES;
				CLANG_WARN_OBJC_IMPLICIT_RETAIN_SELF = YES;
				CLANG_WARN_OBJC_LITERAL_CONVERSION = YES;
				CLANG_WARN_OBJC_ROOT_CLASS = YES_ERROR;
				CLANG_WARN_QUOTED_INCLUDE_IN_FRAMEWORK_HEADER = YES;
				CLANG_WARN_RANGE_LOOP_ANALYSIS = YES;
				CLANG_WARN_STRICT_PROTOTYPES = YES;
				CLANG_WARN_SUSPICIOUS_MOVE = YES;
				CLANG_WARN_UNGUARDED_AVAILABILITY = YES_AGGRESSIVE;
				CLANG_WARN_UNREACHABLE_CODE = YES;
				CLANG_WARN__DUPLICATE_METHOD_MATCH = YES;
				COPY_PHASE_STRIP = NO;
				DEBUG_INFORMATION_FORMAT = "dwarf-with-dsym";
				DEVELOPMENT_TEAM = Y58F4SVQTC;
				ENABLE_NS_ASSERTIONS = NO;
				ENABLE_STRICT_OBJC_MSGSEND = YES;
				ENABLE_USER_SCRIPT_SANDBOXING = YES;
				GCC_C_LANGUAGE_STANDARD = gnu17;
				GCC_NO_COMMON_BLOCKS = YES;
				GCC_WARN_64_TO_32_BIT_CONVERSION = YES;
				GCC_WARN_ABOUT_RETURN_TYPE = YES_ERROR;
				GCC_WARN_UNDECLARED_SELECTOR = YES;
				GCC_WARN_UNINITIALIZED_AUTOS = YES_AGGRESSIVE;
				GCC_WARN_UNUSED_FUNCTION = YES;
				GCC_WARN_UNUSED_VARIABLE = YES;
				LOCALIZATION_PREFERS_STRING_CATALOGS = YES;
				MTL_ENABLE_DEBUG_INFO = NO;
				MTL_FAST_MATH = YES;
				SWIFT_COMPILATION_MODE = wholemodule;
			};
			name = Release;
		};
		B972AA642F5CDE690031DAD5 /* Debug */ = {
			isa = XCBuildConfiguration;
			buildSettings = {
				ASSETCATALOG_COMPILER_APPICON_NAME = AppIcon;
				ASSETCATALOG_COMPILER_GLOBAL_ACCENT_COLOR_NAME = AccentColor;
				CODE_SIGN_STYLE = Automatic;
				CURRENT_PROJECT_VERSION = 1;
				DEVELOPMENT_TEAM = Y58F4SVQTC;
				ENABLE_APP_SANDBOX = YES;
				ENABLE_HARDENED_RUNTIME = YES;
				ENABLE_PREVIEWS = YES;
				ENABLE_USER_SELECTED_FILES = readonly;
				GENERATE_INFOPLIST_FILE = YES;
				INFOPLIST_FILE = tumi/Info.plist;
				INFOPLIST_KEY_NSCameraUsageDescription = "We need to acces your camera so that you can add images to your recipe";
				INFOPLIST_KEY_NSPhotoLibraryUsageDescription = "We need to access your photo libray to add images to recipes";
				"INFOPLIST_KEY_UIApplicationSceneManifest_Generation[sdk=iphoneos*]" = YES;
				"INFOPLIST_KEY_UIApplicationSceneManifest_Generation[sdk=iphonesimulator*]" = YES;
				"INFOPLIST_KEY_UIApplicationSupportsIndirectInputEvents[sdk=iphoneos*]" = YES;
				"INFOPLIST_KEY_UIApplicationSupportsIndirectInputEvents[sdk=iphonesimulator*]" = YES;
				"INFOPLIST_KEY_UILaunchScreen_Generation[sdk=iphoneos*]" = YES;
				"INFOPLIST_KEY_UILaunchScreen_Generation[sdk=iphonesimulator*]" = YES;
				"INFOPLIST_KEY_UIStatusBarStyle[sdk=iphoneos*]" = UIStatusBarStyleDefault;
				"INFOPLIST_KEY_UIStatusBarStyle[sdk=iphonesimulator*]" = UIStatusBarStyleDefault;
				INFOPLIST_KEY_UISupportedInterfaceOrientations_iPad = "UIInterfaceOrientationPortrait UIInterfaceOrientationPortraitUpsideDown UIInterfaceOrientationLandscapeLeft UIInterfaceOrientationLandscapeRight";
				INFOPLIST_KEY_UISupportedInterfaceOrientations_iPhone = "UIInterfaceOrientationPortrait UIInterfaceOrientationLandscapeLeft UIInterfaceOrientationLandscapeRight";
				IPHONEOS_DEPLOYMENT_TARGET = 26.1;
				LD_RUNPATH_SEARCH_PATHS = "@executable_path/Frameworks";
				"LD_RUNPATH_SEARCH_PATHS[sdk=macosx*]" = "@executable_path/../Frameworks";
				MACOSX_DEPLOYMENT_TARGET = 26.0;
				MARKETING_VERSION = 1.0;
				PRODUCT_BUNDLE_IDENTIFIER = JGH.tumi;
				PRODUCT_NAME = "$(TARGET_NAME)";
				REGISTER_APP_GROUPS = YES;
				SDKROOT = auto;
				STRING_CATALOG_GENERATE_SYMBOLS = YES;
				SUPPORTED_PLATFORMS = "iphoneos iphonesimulator macosx xros xrsimulator";
				SWIFT_APPROACHABLE_CONCURRENCY = YES;
				SWIFT_DEFAULT_ACTOR_ISOLATION = MainActor;
				SWIFT_EMIT_LOC_STRINGS = YES;
				SWIFT_UPCOMING_FEATURE_MEMBER_IMPORT_VISIBILITY = YES;
				SWIFT_VERSION = 5.0;
				TARGETED_DEVICE_FAMILY = "1,2,7";
				XROS_DEPLOYMENT_TARGET = 26.1;
			};
			name = Debug;
		};
		B972AA652F5CDE690031DAD5 /* Release */ = {
			isa = XCBuildConfiguration;
			buildSettings = {
				ASSETCATALOG_COMPILER_APPICON_NAME = AppIcon;
				ASSETCATALOG_COMPILER_GLOBAL_ACCENT_COLOR_NAME = AccentColor;
				CODE_SIGN_STYLE = Automatic;
				CURRENT_PROJECT_VERSION = 1;
				DEVELOPMENT_TEAM = Y58F4SVQTC;
				ENABLE_APP_SANDBOX = YES;
				ENABLE_HARDENED_RUNTIME = YES;
				ENABLE_PREVIEWS = YES;
				ENABLE_USER_SELECTED_FILES = readonly;
				GENERATE_INFOPLIST_FILE = YES;
				INFOPLIST_FILE = tumi/Info.plist;
				INFOPLIST_KEY_NSCameraUsageDescription = "We need to acces your camera so that you can add images to your recipe";
				INFOPLIST_KEY_NSPhotoLibraryUsageDescription = "We need to access your photo libray to add images to recipes";
				"INFOPLIST_KEY_UIApplicationSceneManifest_Generation[sdk=iphoneos*]" = YES;
				"INFOPLIST_KEY_UIApplicationSceneManifest_Generation[sdk=iphonesimulator*]" = YES;
				"INFOPLIST_KEY_UIApplicationSupportsIndirectInputEvents[sdk=iphoneos*]" = YES;
				"INFOPLIST_KEY_UIApplicationSupportsIndirectInputEvents[sdk=iphonesimulator*]" = YES;
				"INFOPLIST_KEY_UILaunchScreen_Generation[sdk=iphoneos*]" = YES;
				"INFOPLIST_KEY_UILaunchScreen_Generation[sdk=iphonesimulator*]" = YES;
				"INFOPLIST_KEY_UIStatusBarStyle[sdk=iphoneos*]" = UIStatusBarStyleDefault;
				"INFOPLIST_KEY_UIStatusBarStyle[sdk=iphonesimulator*]" = UIStatusBarStyleDefault;
				INFOPLIST_KEY_UISupportedInterfaceOrientations_iPad = "UIInterfaceOrientationPortrait UIInterfaceOrientationPortraitUpsideDown UIInterfaceOrientationLandscapeLeft UIInterfaceOrientationLandscapeRight";
				INFOPLIST_KEY_UISupportedInterfaceOrientations_iPhone = "UIInterfaceOrientationPortrait UIInterfaceOrientationLandscapeLeft UIInterfaceOrientationLandscapeRight";
				IPHONEOS_DEPLOYMENT_TARGET = 26.1;
				LD_RUNPATH_SEARCH_PATHS = "@executable_path/Frameworks";
				"LD_RUNPATH_SEARCH_PATHS[sdk=macosx*]" = "@executable_path/../Frameworks";
				MACOSX_DEPLOYMENT_TARGET = 26.0;
				MARKETING_VERSION = 1.0;
				PRODUCT_BUNDLE_IDENTIFIER = JGH.tumi;
				PRODUCT_NAME = "$(TARGET_NAME)";
				REGISTER_APP_GROUPS = YES;
				SDKROOT = auto;
				STRING_CATALOG_GENERATE_SYMBOLS = YES;
				SUPPORTED_PLATFORMS = "iphoneos iphonesimulator macosx xros xrsimulator";
				SWIFT_APPROACHABLE_CONCURRENCY = YES;
				SWIFT_DEFAULT_ACTOR_ISOLATION = MainActor;
				SWIFT_EMIT_LOC_STRINGS = YES;
				SWIFT_UPCOMING_FEATURE_MEMBER_IMPORT_VISIBILITY = YES;
				SWIFT_VERSION = 5.0;
				TARGETED_DEVICE_FAMILY = "1,2,7";
				XROS_DEPLOYMENT_TARGET = 26.1;
			};
			name = Release;
		};
		B9C22EE02FCDFAB400FB269B /* Debug */ = {
			isa = XCBuildConfiguration;
			buildSettings = {
				CODE_SIGN_STYLE = Automatic;
				CURRENT_PROJECT_VERSION = 1;
				DEVELOPMENT_TEAM = Y58F4SVQTC;
				GENERATE_INFOPLIST_FILE = YES;
				INFOPLIST_FILE = tumi_share/Info.plist;
				INFOPLIST_KEY_CFBundleDisplayName = tumi_share;
				INFOPLIST_KEY_NSHumanReadableCopyright = "";
				IPHONEOS_DEPLOYMENT_TARGET = 26.1;
				LD_RUNPATH_SEARCH_PATHS = (
					"$(inherited)",
					"@executable_path/Frameworks",
					"@executable_path/../../Frameworks",
				);
				MARKETING_VERSION = 1.0;
				PRODUCT_BUNDLE_IDENTIFIER = "JGH.tumi.tumi-share";
				PRODUCT_NAME = "$(TARGET_NAME)";
				SDKROOT = iphoneos;
				SKIP_INSTALL = YES;
				STRING_CATALOG_GENERATE_SYMBOLS = YES;
				SWIFT_APPROACHABLE_CONCURRENCY = YES;
				SWIFT_EMIT_LOC_STRINGS = YES;
				SWIFT_UPCOMING_FEATURE_MEMBER_IMPORT_VISIBILITY = YES;
				SWIFT_VERSION = 5.0;
				TARGETED_DEVICE_FAMILY = "1,2";
			};
			name = Debug;
		};
		B9C22EE12FCDFAB400FB269B /* Release */ = {
			isa = XCBuildConfiguration;
			buildSettings = {
				CODE_SIGN_STYLE = Automatic;
				CURRENT_PROJECT_VERSION = 1;
				DEVELOPMENT_TEAM = Y58F4SVQTC;
				GENERATE_INFOPLIST_FILE = YES;
				INFOPLIST_FILE = tumi_share/Info.plist;
				INFOPLIST_KEY_CFBundleDisplayName = tumi_share;
				INFOPLIST_KEY_NSHumanReadableCopyright = "";
				IPHONEOS_DEPLOYMENT_TARGET = 26.1;
				LD_RUNPATH_SEARCH_PATHS = (
					"$(inherited)",
					"@executable_path/Frameworks",
					"@executable_path/../../Frameworks",
				);
				MARKETING_VERSION = 1.0;
				PRODUCT_BUNDLE_IDENTIFIER = "JGH.tumi.tumi-share";
				PRODUCT_NAME = "$(TARGET_NAME)";
				SDKROOT = iphoneos;
				SKIP_INSTALL = YES;
				STRING_CATALOG_GENERATE_SYMBOLS = YES;
				SWIFT_APPROACHABLE_CONCURRENCY = YES;
				SWIFT_EMIT_LOC_STRINGS = YES;
				SWIFT_UPCOMING_FEATURE_MEMBER_IMPORT_VISIBILITY = YES;
				SWIFT_VERSION = 5.0;
				TARGETED_DEVICE_FAMILY = "1,2";
				VALIDATE_PRODUCT = YES;
			};
			name = Release;
		};
/* End XCBuildConfiguration section */

/* Begin XCConfigurationList section */
		B972AA532F5CDE650031DAD5 /* Build configuration list for PBXProject "tumi" */ = {
			isa = XCConfigurationList;
			buildConfigurations = (
				B972AA612F5CDE690031DAD5 /* Debug */,
				B972AA622F5CDE690031DAD5 /* Release */,
			);
			defaultConfigurationIsVisible = 0;
			defaultConfigurationName = Release;
		};
		B972AA632F5CDE690031DAD5 /* Build configuration list for PBXNativeTarget "tumi" */ = {
			isa = XCConfigurationList;
			buildConfigurations = (
				B972AA642F5CDE690031DAD5 /* Debug */,
				B972AA652F5CDE690031DAD5 /* Release */,
			);
			defaultConfigurationIsVisible = 0;
			defaultConfigurationName = Release;
		};
		B9C22EDF2FCDFAB400FB269B /* Build configuration list for PBXNativeTarget "tumi_share" */ = {
			isa = XCConfigurationList;
			buildConfigurations = (
				B9C22EE02FCDFAB400FB269B /* Debug */,
				B9C22EE12FCDFAB400FB269B /* Release */,
			);
			defaultConfigurationIsVisible = 0;
			defaultConfigurationName = Release;
		};
/* End XCConfigurationList section */

/* Begin XCRemoteSwiftPackageReference section */
		B908F5372FCE2F32001E4980 /* XCRemoteSwiftPackageReference "GoogleSignIn-iOS" */ = {
			isa = XCRemoteSwiftPackageReference;
			repositoryURL = "https://github.com/google/GoogleSignIn-iOS";
			requirement = {
				kind = upToNextMajorVersion;
				minimumVersion = 9.1.0;
			};
		};
		B908F5502FCE31D4001E4980 /* XCRemoteSwiftPackageReference "firebase-ios-sdk" */ = {
			isa = XCRemoteSwiftPackageReference;
			repositoryURL = "https://github.com/firebase/firebase-ios-sdk.git";
			requirement = {
				kind = upToNextMajorVersion;
				minimumVersion = 12.14.0;
			};
		};
/* End XCRemoteSwiftPackageReference section */

/* Begin XCSwiftPackageProductDependency section */
		B908F5382FCE2F32001E4980 /* GoogleSignIn */ = {
			isa = XCSwiftPackageProductDependency;
			package = B908F5372FCE2F32001E4980 /* XCRemoteSwiftPackageReference "GoogleSignIn-iOS" */;
			productName = GoogleSignIn;
		};
		B908F53A2FCE2F32001E4980 /* GoogleSignInSwift */ = {
			isa = XCSwiftPackageProductDependency;
			package = B908F5372FCE2F32001E4980 /* XCRemoteSwiftPackageReference "GoogleSignIn-iOS" */;
			productName = GoogleSignInSwift;
		};
		B908F5402FCE30D9001E4980 /* FirebaseAI */ = {
			isa = XCSwiftPackageProductDependency;
			productName = FirebaseAI;
		};
		B908F5422FCE30D9001E4980 /* FirebaseAILogic */ = {
			isa = XCSwiftPackageProductDependency;
			productName = FirebaseAILogic;
		};
		B908F5442FCE30D9001E4980 /* FirebaseAnalyticsCore */ = {
			isa = XCSwiftPackageProductDependency;
			productName = FirebaseAnalyticsCore;
		};
		B908F5462FCE30D9001E4980 /* FirebaseAnalyticsIdentitySupport */ = {
			isa = XCSwiftPackageProductDependency;
			productName = FirebaseAnalyticsIdentitySupport;
		};
		B908F5512FCE31D4001E4980 /* FirebaseAI */ = {
			isa = XCSwiftPackageProductDependency;
			package = B908F5502FCE31D4001E4980 /* XCRemoteSwiftPackageReference "firebase-ios-sdk" */;
			productName = FirebaseAI;
		};
		B908F5532FCE31D4001E4980 /* FirebaseAILogic */ = {
			isa = XCSwiftPackageProductDependency;
			package = B908F5502FCE31D4001E4980 /* XCRemoteSwiftPackageReference "firebase-ios-sdk" */;
			productName = FirebaseAILogic;
		};
		B908F5552FCE31D4001E4980 /* FirebaseAnalytics */ = {
			isa = XCSwiftPackageProductDependency;
			package = B908F5502FCE31D4001E4980 /* XCRemoteSwiftPackageReference "firebase-ios-sdk" */;
			productName = FirebaseAnalytics;
		};
		B908F5572FCE31D4001E4980 /* FirebaseAnalyticsCore */ = {
			isa = XCSwiftPackageProductDependency;
			package = B908F5502FCE31D4001E4980 /* XCRemoteSwiftPackageReference "firebase-ios-sdk" */;
			productName = FirebaseAnalyticsCore;
		};
		B908F5592FCE31D4001E4980 /* FirebaseAnalyticsIdentitySupport */ = {
			isa = XCSwiftPackageProductDependency;
			package = B908F5502FCE31D4001E4980 /* XCRemoteSwiftPackageReference "firebase-ios-sdk" */;
			productName = FirebaseAnalyticsIdentitySupport;
		};
/* End XCSwiftPackageProductDependency section */
	};
	rootObject = B972AA502F5CDE650031DAD5 /* Project object */;
}
